// !$*UTF8*$!
{
	archiveVersion = 1;
	classes = {
	};
	objectVersion = 56;
	objects = {

/* Begin PBXBuildFile section */
		2E7A82552B99B71400CCB043 /* ToolbarViewModelTests.swift in Sources */ = {isa = PBXBuildFile; fileRef = 2E7A82542B99B71400CCB043 /* ToolbarViewModelTests.swift */; };
		2E7A82572B99C60400CCB043 /* ToolbarViewModel.swift in Sources */ = {isa = PBXBuildFile; fileRef = 2E7A82562B99C60400CCB043 /* ToolbarViewModel.swift */; };
		2E7A82652B99D4A600CCB043 /* VectorEditoriOS.framework in Frameworks */ = {isa = PBXBuildFile; fileRef = 2E7A825D2B99D4A500CCB043 /* VectorEditoriOS.framework */; };
		2E7A826A2B99D4A600CCB043 /* VectorEditoriOSTests.swift in Sources */ = {isa = PBXBuildFile; fileRef = 2E7A82692B99D4A600CCB043 /* VectorEditoriOSTests.swift */; };
		2E7A826B2B99D4A600CCB043 /* VectorEditoriOS.h in Headers */ = {isa = PBXBuildFile; fileRef = 2E7A825F2B99D4A500CCB043 /* VectorEditoriOS.h */; settings = {ATTRIBUTES = (Public, ); }; };
		2E7A82732B99D50500CCB043 /* ToolbarViewController.swift in Sources */ = {isa = PBXBuildFile; fileRef = 2E7A82722B99D50500CCB043 /* ToolbarViewController.swift */; };
		2E7A82752B99D51C00CCB043 /* ToolbarView.xib in Resources */ = {isa = PBXBuildFile; fileRef = 2E7A82742B99D51C00CCB043 /* ToolbarView.xib */; };
		2E7A82FB2B99DB3400CCB043 /* ToolbarComposer.swift in Sources */ = {isa = PBXBuildFile; fileRef = 2E7A82FA2B99DB3400CCB043 /* ToolbarComposer.swift */; };
		2E7A82FD2B99DC1C00CCB043 /* ToolbarViewModel.swift in Sources */ = {isa = PBXBuildFile; fileRef = 2E7A82562B99C60400CCB043 /* ToolbarViewModel.swift */; };
		2EA410C72B988BD90066E79E /* CodableDocument+Equatable.swift in Sources */ = {isa = PBXBuildFile; fileRef = 2EA410C62B988BD90066E79E /* CodableDocument+Equatable.swift */; };
		2EA410C92B9891C50066E79E /* CodableDocumentStore.swift in Sources */ = {isa = PBXBuildFile; fileRef = 2EA410C82B9891C50066E79E /* CodableDocumentStore.swift */; };
		2EA4849D2B97305F0080C233 /* VectorEditor.framework in Frameworks */ = {isa = PBXBuildFile; fileRef = 2EA484942B97305E0080C233 /* VectorEditor.framework */; };
		2EA484A32B97305F0080C233 /* VectorEditor.h in Headers */ = {isa = PBXBuildFile; fileRef = 2EA484972B97305E0080C233 /* VectorEditor.h */; settings = {ATTRIBUTES = (Public, ); }; };
		2EA484B72B9747A60080C233 /* CodableDocumentTests.swift in Sources */ = {isa = PBXBuildFile; fileRef = 2EA484B62B9747A60080C233 /* CodableDocumentTests.swift */; };
		2EA484B92B975F830080C233 /* CodableDocument.swift in Sources */ = {isa = PBXBuildFile; fileRef = 2EA484B82B975F830080C233 /* CodableDocument.swift */; };
		2EA484BB2B97645D0080C233 /* CodableDocumentStoreTests.swift in Sources */ = {isa = PBXBuildFile; fileRef = 2EA484BA2B97645D0080C233 /* CodableDocumentStoreTests.swift */; };
/* End PBXBuildFile section */

/* Begin PBXContainerItemProxy section */
		2E7A82662B99D4A600CCB043 /* PBXContainerItemProxy */ = {
			isa = PBXContainerItemProxy;
			containerPortal = 2EA4848B2B97305E0080C233 /* Project object */;
			proxyType = 1;
			remoteGlobalIDString = 2E7A825C2B99D4A500CCB043;
			remoteInfo = VectorEditoriOS;
		};
		2EA4849E2B97305F0080C233 /* PBXContainerItemProxy */ = {
			isa = PBXContainerItemProxy;
			containerPortal = 2EA4848B2B97305E0080C233 /* Project object */;
			proxyType = 1;
			remoteGlobalIDString = 2EA484932B97305E0080C233;
			remoteInfo = VectorEditor;
		};
/* End PBXContainerItemProxy section */

/* Begin PBXFileReference section */
		2E7A82542B99B71400CCB043 /* ToolbarViewModelTests.swift */ = {isa = PBXFileReference; lastKnownFileType = sourcecode.swift; path = ToolbarViewModelTests.swift; sourceTree = "<group>"; };
		2E7A82562B99C60400CCB043 /* ToolbarViewModel.swift */ = {isa = PBXFileReference; lastKnownFileType = sourcecode.swift; path = ToolbarViewModel.swift; sourceTree = "<group>"; };
		2E7A825D2B99D4A500CCB043 /* VectorEditoriOS.framework */ = {isa = PBXFileReference; explicitFileType = wrapper.framework; includeInIndex = 0; path = VectorEditoriOS.framework; sourceTree = BUILT_PRODUCTS_DIR; };
		2E7A825F2B99D4A500CCB043 /* VectorEditoriOS.h */ = {isa = PBXFileReference; lastKnownFileType = sourcecode.c.h; path = VectorEditoriOS.h; sourceTree = "<group>"; };
		2E7A82642B99D4A600CCB043 /* VectorEditoriOSTests.xctest */ = {isa = PBXFileReference; explicitFileType = wrapper.cfbundle; includeInIndex = 0; path = VectorEditoriOSTests.xctest; sourceTree = BUILT_PRODUCTS_DIR; };
		2E7A82692B99D4A600CCB043 /* VectorEditoriOSTests.swift */ = {isa = PBXFileReference; lastKnownFileType = sourcecode.swift; path = VectorEditoriOSTests.swift; sourceTree = "<group>"; };
		2E7A82722B99D50500CCB043 /* ToolbarViewController.swift */ = {isa = PBXFileReference; lastKnownFileType = sourcecode.swift; path = ToolbarViewController.swift; sourceTree = "<group>"; };
		2E7A82742B99D51C00CCB043 /* ToolbarView.xib */ = {isa = PBXFileReference; lastKnownFileType = file.xib; path = ToolbarView.xib; sourceTree = "<group>"; };
		2E7A82FA2B99DB3400CCB043 /* ToolbarComposer.swift */ = {isa = PBXFileReference; lastKnownFileType = sourcecode.swift; path = ToolbarComposer.swift; sourceTree = "<group>"; };
		2EA410C62B988BD90066E79E /* CodableDocument+Equatable.swift */ = {isa = PBXFileReference; lastKnownFileType = sourcecode.swift; path = "CodableDocument+Equatable.swift"; sourceTree = "<group>"; };
		2EA410C82B9891C50066E79E /* CodableDocumentStore.swift */ = {isa = PBXFileReference; lastKnownFileType = sourcecode.swift; path = CodableDocumentStore.swift; sourceTree = "<group>"; };
		2EA484942B97305E0080C233 /* VectorEditor.framework */ = {isa = PBXFileReference; explicitFileType = wrapper.framework; includeInIndex = 0; path = VectorEditor.framework; sourceTree = BUILT_PRODUCTS_DIR; };
		2EA484972B97305E0080C233 /* VectorEditor.h */ = {isa = PBXFileReference; lastKnownFileType = sourcecode.c.h; path = VectorEditor.h; sourceTree = "<group>"; };
		2EA4849C2B97305F0080C233 /* VectorEditorTests.xctest */ = {isa = PBXFileReference; explicitFileType = wrapper.cfbundle; includeInIndex = 0; path = VectorEditorTests.xctest; sourceTree = BUILT_PRODUCTS_DIR; };
		2EA484B62B9747A60080C233 /* CodableDocumentTests.swift */ = {isa = PBXFileReference; lastKnownFileType = sourcecode.swift; path = CodableDocumentTests.swift; sourceTree = "<group>"; };
		2EA484B82B975F830080C233 /* CodableDocument.swift */ = {isa = PBXFileReference; lastKnownFileType = sourcecode.swift; path = CodableDocument.swift; sourceTree = "<group>"; };
		2EA484BA2B97645D0080C233 /* CodableDocumentStoreTests.swift */ = {isa = PBXFileReference; lastKnownFileType = sourcecode.swift; path = CodableDocumentStoreTests.swift; sourceTree = "<group>"; };
/* End PBXFileReference section */

/* Begin PBXFrameworksBuildPhase section */
		2E7A825A2B99D4A500CCB043 /* Frameworks */ = {
			isa = PBXFrameworksBuildPhase;
			buildActionMask = 2147483647;
			files = (
			);
			runOnlyForDeploymentPostprocessing = 0;
		};
		2E7A82612B99D4A600CCB043 /* Frameworks */ = {
			isa = PBXFrameworksBuildPhase;
			buildActionMask = 2147483647;
			files = (
				2E7A82652B99D4A600CCB043 /* VectorEditoriOS.framework in Frameworks */,
			);
			runOnlyForDeploymentPostprocessing = 0;
		};
		2EA484912B97305E0080C233 /* Frameworks */ = {
			isa = PBXFrameworksBuildPhase;
			buildActionMask = 2147483647;
			files = (
			);
			runOnlyForDeploymentPostprocessing = 0;
		};
		2EA484992B97305F0080C233 /* Frameworks */ = {
			isa = PBXFrameworksBuildPhase;
			buildActionMask = 2147483647;
			files = (
				2EA4849D2B97305F0080C233 /* VectorEditor.framework in Frameworks */,
			);
			runOnlyForDeploymentPostprocessing = 0;
		};
/* End PBXFrameworksBuildPhase section */

/* Begin PBXGroup section */
		2E7A82502B99B62000CCB043 /* CodableStore */ = {
			isa = PBXGroup;
			children = (
				2EA484B82B975F830080C233 /* CodableDocument.swift */,
				2EA410C82B9891C50066E79E /* CodableDocumentStore.swift */,
			);
			path = CodableStore;
			sourceTree = "<group>";
		};
		2E7A82512B99B63000CCB043 /* Infrastructure */ = {
			isa = PBXGroup;
			children = (
				2E7A82502B99B62000CCB043 /* CodableStore */,
			);
			path = Infrastructure;
			sourceTree = "<group>";
		};
		2E7A82522B99B63F00CCB043 /* CodableStore */ = {
			isa = PBXGroup;
			children = (
				2EA410C52B988BA20066E79E /* Helpers */,
				2EA484B62B9747A60080C233 /* CodableDocumentTests.swift */,
				2EA484BA2B97645D0080C233 /* CodableDocumentStoreTests.swift */,
			);
			path = CodableStore;
			sourceTree = "<group>";
		};
		2E7A82532B99B65000CCB043 /* Infrastructure */ = {
			isa = PBXGroup;
			children = (
				2E7A82522B99B63F00CCB043 /* CodableStore */,
			);
			path = Infrastructure;
			sourceTree = "<group>";
		};
		2E7A825E2B99D4A500CCB043 /* VectorEditoriOS */ = {
			isa = PBXGroup;
			children = (
				2E7A825F2B99D4A500CCB043 /* VectorEditoriOS.h */,
				2E7A83092B99ED7000CCB043 /* Composers */,
				2E7A830A2B99ED8200CCB043 /* Controllers */,
				2E7A830C2B99ED9700CCB043 /* Views */,
			);
			path = VectorEditoriOS;
			sourceTree = "<group>";
		};
		2E7A82682B99D4A600CCB043 /* VectorEditoriOSTests */ = {
			isa = PBXGroup;
			children = (
				2E7A82692B99D4A600CCB043 /* VectorEditoriOSTests.swift */,
			);
			path = VectorEditoriOSTests;
			sourceTree = "<group>";
		};
		2E7A83082B99ED5800CCB043 /* ViewModels */ = {
			isa = PBXGroup;
			children = (
				2E7A82562B99C60400CCB043 /* ToolbarViewModel.swift */,
			);
			path = ViewModels;
			sourceTree = "<group>";
		};
		2E7A83092B99ED7000CCB043 /* Composers */ = {
			isa = PBXGroup;
			children = (
				2E7A82FA2B99DB3400CCB043 /* ToolbarComposer.swift */,
			);
			path = Composers;
			sourceTree = "<group>";
		};
		2E7A830A2B99ED8200CCB043 /* Controllers */ = {
			isa = PBXGroup;
			children = (
				2E7A82722B99D50500CCB043 /* ToolbarViewController.swift */,
			);
			path = Controllers;
			sourceTree = "<group>";
		};
		2E7A830C2B99ED9700CCB043 /* Views */ = {
			isa = PBXGroup;
			children = (
				2E7A82742B99D51C00CCB043 /* ToolbarView.xib */,
			);
			path = Views;
			sourceTree = "<group>";
		};
		2EA410C52B988BA20066E79E /* Helpers */ = {
			isa = PBXGroup;
			children = (
				2EA410C62B988BD90066E79E /* CodableDocument+Equatable.swift */,
			);
			path = Helpers;
			sourceTree = "<group>";
		};
		2EA4848A2B97305E0080C233 = {
			isa = PBXGroup;
			children = (
				2EA484962B97305E0080C233 /* VectorEditor */,
				2EA484A02B97305F0080C233 /* VectorEditorTests */,
				2E7A825E2B99D4A500CCB043 /* VectorEditoriOS */,
				2E7A82682B99D4A600CCB043 /* VectorEditoriOSTests */,
				2EA484952B97305E0080C233 /* Products */,
			);
			sourceTree = "<group>";
		};
		2EA484952B97305E0080C233 /* Products */ = {
			isa = PBXGroup;
			children = (
				2EA484942B97305E0080C233 /* VectorEditor.framework */,
				2EA4849C2B97305F0080C233 /* VectorEditorTests.xctest */,
				2E7A825D2B99D4A500CCB043 /* VectorEditoriOS.framework */,
				2E7A82642B99D4A600CCB043 /* VectorEditoriOSTests.xctest */,
			);
			name = Products;
			sourceTree = "<group>";
		};
		2EA484962B97305E0080C233 /* VectorEditor */ = {
			isa = PBXGroup;
			children = (
				2EA484972B97305E0080C233 /* VectorEditor.h */,
				2E7A83082B99ED5800CCB043 /* ViewModels */,
				2E7A82512B99B63000CCB043 /* Infrastructure */,
			);
			path = VectorEditor;
			sourceTree = "<group>";
		};
		2EA484A02B97305F0080C233 /* VectorEditorTests */ = {
			isa = PBXGroup;
			children = (
				2E7A82532B99B65000CCB043 /* Infrastructure */,
				2E7A82542B99B71400CCB043 /* ToolbarViewModelTests.swift */,
			);
			path = VectorEditorTests;
			sourceTree = "<group>";
		};
/* End PBXGroup section */

/* Begin PBXHeadersBuildPhase section */
		2E7A82582B99D4A500CCB043 /* Headers */ = {
			isa = PBXHeadersBuildPhase;
			buildActionMask = 2147483647;
			files = (
				2E7A826B2B99D4A600CCB043 /* VectorEditoriOS.h in Headers */,
			);
			runOnlyForDeploymentPostprocessing = 0;
		};
		2EA4848F2B97305E0080C233 /* Headers */ = {
			isa = PBXHeadersBuildPhase;
			buildActionMask = 2147483647;
			files = (
				2EA484A32B97305F0080C233 /* VectorEditor.h in Headers */,
			);
			runOnlyForDeploymentPostprocessing = 0;
		};
/* End PBXHeadersBuildPhase section */

/* Begin PBXNativeTarget section */
		2E7A825C2B99D4A500CCB043 /* VectorEditoriOS */ = {
			isa = PBXNativeTarget;
			buildConfigurationList = 2E7A826C2B99D4A600CCB043 /* Build configuration list for PBXNativeTarget "VectorEditoriOS" */;
			buildPhases = (
				2E7A82582B99D4A500CCB043 /* Headers */,
				2E7A82592B99D4A500CCB043 /* Sources */,
				2E7A825A2B99D4A500CCB043 /* Frameworks */,
				2E7A825B2B99D4A500CCB043 /* Resources */,
			);
			buildRules = (
			);
			dependencies = (
			);
			name = VectorEditoriOS;
			productName = VectorEditoriOS;
			productReference = 2E7A825D2B99D4A500CCB043 /* VectorEditoriOS.framework */;
			productType = "com.apple.product-type.framework";
		};
		2E7A82632B99D4A600CCB043 /* VectorEditoriOSTests */ = {
			isa = PBXNativeTarget;
			buildConfigurationList = 2E7A826F2B99D4A600CCB043 /* Build configuration list for PBXNativeTarget "VectorEditoriOSTests" */;
			buildPhases = (
				2E7A82602B99D4A600CCB043 /* Sources */,
				2E7A82612B99D4A600CCB043 /* Frameworks */,
				2E7A82622B99D4A600CCB043 /* Resources */,
			);
			buildRules = (
			);
			dependencies = (
				2E7A82672B99D4A600CCB043 /* PBXTargetDependency */,
			);
			name = VectorEditoriOSTests;
			productName = VectorEditoriOSTests;
			productReference = 2E7A82642B99D4A600CCB043 /* VectorEditoriOSTests.xctest */;
			productType = "com.apple.product-type.bundle.unit-test";
		};
		2EA484932B97305E0080C233 /* VectorEditor */ = {
			isa = PBXNativeTarget;
			buildConfigurationList = 2EA484A62B97305F0080C233 /* Build configuration list for PBXNativeTarget "VectorEditor" */;
			buildPhases = (
				2EA4848F2B97305E0080C233 /* Headers */,
				2EA484902B97305E0080C233 /* Sources */,
				2EA484912B97305E0080C233 /* Frameworks */,
				2EA484922B97305E0080C233 /* Resources */,
			);
			buildRules = (
			);
			dependencies = (
			);
			name = VectorEditor;
			productName = VectorEditor;
			productReference = 2EA484942B97305E0080C233 /* VectorEditor.framework */;
			productType = "com.apple.product-type.framework";
		};
		2EA4849B2B97305F0080C233 /* VectorEditorTests */ = {
			isa = PBXNativeTarget;
			buildConfigurationList = 2EA484A92B97305F0080C233 /* Build configuration list for PBXNativeTarget "VectorEditorTests" */;
			buildPhases = (
				2EA484982B97305F0080C233 /* Sources */,
				2EA484992B97305F0080C233 /* Frameworks */,
				2EA4849A2B97305F0080C233 /* Resources */,
			);
			buildRules = (
			);
			dependencies = (
				2EA4849F2B97305F0080C233 /* PBXTargetDependency */,
			);
			name = VectorEditorTests;
			productName = VectorEditorTests;
			productReference = 2EA4849C2B97305F0080C233 /* VectorEditorTests.xctest */;
			productType = "com.apple.product-type.bundle.unit-test";
		};
/* End PBXNativeTarget section */

/* Begin PBXProject section */
		2EA4848B2B97305E0080C233 /* Project object */ = {
			isa = PBXProject;
			attributes = {
				BuildIndependentTargetsInParallel = 1;
				LastSwiftUpdateCheck = 1530;
				LastUpgradeCheck = 1520;
				TargetAttributes = {
					2E7A825C2B99D4A500CCB043 = {
						CreatedOnToolsVersion = 15.3;
						LastSwiftMigration = 1530;
					};
					2E7A82632B99D4A600CCB043 = {
						CreatedOnToolsVersion = 15.3;
					};
					2EA484932B97305E0080C233 = {
						CreatedOnToolsVersion = 15.2;
						LastSwiftMigration = 1520;
					};
					2EA4849B2B97305F0080C233 = {
						CreatedOnToolsVersion = 15.2;
					};
				};
			};
			buildConfigurationList = 2EA4848E2B97305E0080C233 /* Build configuration list for PBXProject "VectorEditor" */;
			compatibilityVersion = "Xcode 14.0";
			developmentRegion = en;
			hasScannedForEncodings = 0;
			knownRegions = (
				en,
				Base,
			);
			mainGroup = 2EA4848A2B97305E0080C233;
			productRefGroup = 2EA484952B97305E0080C233 /* Products */;
			projectDirPath = "";
			projectRoot = "";
			targets = (
				2EA484932B97305E0080C233 /* VectorEditor */,
				2EA4849B2B97305F0080C233 /* VectorEditorTests */,
				2E7A825C2B99D4A500CCB043 /* VectorEditoriOS */,
				2E7A82632B99D4A600CCB043 /* VectorEditoriOSTests */,
			);
		};
/* End PBXProject section */

/* Begin PBXResourcesBuildPhase section */
		2E7A825B2B99D4A500CCB043 /* Resources */ = {
			isa = PBXResourcesBuildPhase;
			buildActionMask = 2147483647;
			files = (
				2E7A82752B99D51C00CCB043 /* ToolbarView.xib in Resources */,
			);
			runOnlyForDeploymentPostprocessing = 0;
		};
		2E7A82622B99D4A600CCB043 /* Resources */ = {
			isa = PBXResourcesBuildPhase;
			buildActionMask = 2147483647;
			files = (
			);
			runOnlyForDeploymentPostprocessing = 0;
		};
		2EA484922B97305E0080C233 /* Resources */ = {
			isa = PBXResourcesBuildPhase;
			buildActionMask = 2147483647;
			files = (
			);
			runOnlyForDeploymentPostprocessing = 0;
		};
		2EA4849A2B97305F0080C233 /* Resources */ = {
			isa = PBXResourcesBuildPhase;
			buildActionMask = 2147483647;
			files = (
			);
			runOnlyForDeploymentPostprocessing = 0;
		};
/* End PBXResourcesBuildPhase section */

/* Begin PBXSourcesBuildPhase section */
		2E7A82592B99D4A500CCB043 /* Sources */ = {
			isa = PBXSourcesBuildPhase;
			buildActionMask = 2147483647;
			files = (
				2E7A82732B99D50500CCB043 /* ToolbarViewController.swift in Sources */,
				2E7A82FB2B99DB3400CCB043 /* ToolbarComposer.swift in Sources */,
				2E7A82FD2B99DC1C00CCB043 /* ToolbarViewModel.swift in Sources */,
			);
			runOnlyForDeploymentPostprocessing = 0;
		};
		2E7A82602B99D4A600CCB043 /* Sources */ = {
			isa = PBXSourcesBuildPhase;
			buildActionMask = 2147483647;
			files = (
				2E7A826A2B99D4A600CCB043 /* VectorEditoriOSTests.swift in Sources */,
			);
			runOnlyForDeploymentPostprocessing = 0;
		};
		2EA484902B97305E0080C233 /* Sources */ = {
			isa = PBXSourcesBuildPhase;
			buildActionMask = 2147483647;
			files = (
				2EA484B92B975F830080C233 /* CodableDocument.swift in Sources */,
				2EA410C92B9891C50066E79E /* CodableDocumentStore.swift in Sources */,
				2E7A82572B99C60400CCB043 /* ToolbarViewModel.swift in Sources */,
			);
			runOnlyForDeploymentPostprocessing = 0;
		};
		2EA484982B97305F0080C233 /* Sources */ = {
			isa = PBXSourcesBuildPhase;
			buildActionMask = 2147483647;
			files = (
				2E7A82552B99B71400CCB043 /* ToolbarViewModelTests.swift in Sources */,
				2EA484BB2B97645D0080C233 /* CodableDocumentStoreTests.swift in Sources */,
				2EA410C72B988BD90066E79E /* CodableDocument+Equatable.swift in Sources */,
				2EA484B72B9747A60080C233 /* CodableDocumentTests.swift in Sources */,
			);
			runOnlyForDeploymentPostprocessing = 0;
		};
/* End PBXSourcesBuildPhase section */

/* Begin PBXTargetDependency section */
		2E7A82672B99D4A600CCB043 /* PBXTargetDependency */ = {
			isa = PBXTargetDependency;
			target = 2E7A825C2B99D4A500CCB043 /* VectorEditoriOS */;
			targetProxy = 2E7A82662B99D4A600CCB043 /* PBXContainerItemProxy */;
		};
		2EA4849F2B97305F0080C233 /* PBXTargetDependency */ = {
			isa = PBXTargetDependency;
			target = 2EA484932B97305E0080C233 /* VectorEditor */;
			targetProxy = 2EA4849E2B97305F0080C233 /* PBXContainerItemProxy */;
		};
/* End PBXTargetDependency section */

/* Begin XCBuildConfiguration section */
		2E7A826D2B99D4A600CCB043 /* Debug */ = {
			isa = XCBuildConfiguration;
			buildSettings = {
				BUILD_LIBRARY_FOR_DISTRIBUTION = YES;
				CLANG_ENABLE_MODULES = YES;
				CODE_SIGN_STYLE = Automatic;
				CURRENT_PROJECT_VERSION = 1;
				DEFINES_MODULE = YES;
				DEVELOPMENT_TEAM = 8U849676MP;
				DYLIB_COMPATIBILITY_VERSION = 1;
				DYLIB_CURRENT_VERSION = 1;
				DYLIB_INSTALL_NAME_BASE = "@rpath";
				ENABLE_MODULE_VERIFIER = YES;
				GENERATE_INFOPLIST_FILE = YES;
				INFOPLIST_KEY_NSHumanReadableCopyright = "";
				INSTALL_PATH = "$(LOCAL_LIBRARY_DIR)/Frameworks";
				IPHONEOS_DEPLOYMENT_TARGET = 17.4;
				LD_RUNPATH_SEARCH_PATHS = (
					"$(inherited)",
					"@executable_path/Frameworks",
					"@loader_path/Frameworks",
				);
				MARKETING_VERSION = 1.0;
				MODULE_VERIFIER_SUPPORTED_LANGUAGES = "objective-c objective-c++";
				MODULE_VERIFIER_SUPPORTED_LANGUAGE_STANDARDS = "gnu17 gnu++20";
				PRODUCT_BUNDLE_IDENTIFIER = com.volodymyroniuk.VectorEditoriOS;
				PRODUCT_NAME = "$(TARGET_NAME:c99extidentifier)";
				SDKROOT = iphoneos;
				SKIP_INSTALL = YES;
				SWIFT_EMIT_LOC_STRINGS = YES;
				SWIFT_INSTALL_OBJC_HEADER = NO;
				SWIFT_OPTIMIZATION_LEVEL = "-Onone";
				SWIFT_VERSION = 5.0;
				TARGETED_DEVICE_FAMILY = "1,2";
			};
			name = Debug;
		};
		2E7A826E2B99D4A600CCB043 /* Release */ = {
			isa = XCBuildConfiguration;
			buildSettings = {
				BUILD_LIBRARY_FOR_DISTRIBUTION = YES;
				CLANG_ENABLE_MODULES = YES;
				CODE_SIGN_STYLE = Automatic;
				CURRENT_PROJECT_VERSION = 1;
				DEFINES_MODULE = YES;
				DEVELOPMENT_TEAM = 8U849676MP;
				DYLIB_COMPATIBILITY_VERSION = 1;
				DYLIB_CURRENT_VERSION = 1;
				DYLIB_INSTALL_NAME_BASE = "@rpath";
				ENABLE_MODULE_VERIFIER = YES;
				GENERATE_INFOPLIST_FILE = YES;
				INFOPLIST_KEY_NSHumanReadableCopyright = "";
				INSTALL_PATH = "$(LOCAL_LIBRARY_DIR)/Frameworks";
				IPHONEOS_DEPLOYMENT_TARGET = 17.4;
				LD_RUNPATH_SEARCH_PATHS = (
					"$(inherited)",
					"@executable_path/Frameworks",
					"@loader_path/Frameworks",
				);
				MARKETING_VERSION = 1.0;
				MODULE_VERIFIER_SUPPORTED_LANGUAGES = "objective-c objective-c++";
				MODULE_VERIFIER_SUPPORTED_LANGUAGE_STANDARDS = "gnu17 gnu++20";
				PRODUCT_BUNDLE_IDENTIFIER = com.volodymyroniuk.VectorEditoriOS;
				PRODUCT_NAME = "$(TARGET_NAME:c99extidentifier)";
				SDKROOT = iphoneos;
				SKIP_INSTALL = YES;
				SWIFT_EMIT_LOC_STRINGS = YES;
				SWIFT_INSTALL_OBJC_HEADER = NO;
				SWIFT_VERSION = 5.0;
				TARGETED_DEVICE_FAMILY = "1,2";
				VALIDATE_PRODUCT = YES;
			};
			name = Release;
		};
		2E7A82702B99D4A600CCB043 /* Debug */ = {
			isa = XCBuildConfiguration;
			buildSettings = {
				ALWAYS_EMBED_SWIFT_STANDARD_LIBRARIES = YES;
				CODE_SIGN_STYLE = Automatic;
				CURRENT_PROJECT_VERSION = 1;
				DEVELOPMENT_TEAM = 8U849676MP;
				GENERATE_INFOPLIST_FILE = YES;
				IPHONEOS_DEPLOYMENT_TARGET = 17.4;
				MARKETING_VERSION = 1.0;
				PRODUCT_BUNDLE_IDENTIFIER = com.volodymyroniuk.VectorEditoriOSTests;
				PRODUCT_NAME = "$(TARGET_NAME)";
				SDKROOT = iphoneos;
				SWIFT_EMIT_LOC_STRINGS = NO;
				SWIFT_VERSION = 5.0;
				TARGETED_DEVICE_FAMILY = "1,2";
			};
			name = Debug;
		};
		2E7A82712B99D4A600CCB043 /* Release */ = {
			isa = XCBuildConfiguration;
			buildSettings = {
				ALWAYS_EMBED_SWIFT_STANDARD_LIBRARIES = YES;
				CODE_SIGN_STYLE = Automatic;
				CURRENT_PROJECT_VERSION = 1;
				DEVELOPMENT_TEAM = 8U849676MP;
				GENERATE_INFOPLIST_FILE = YES;
				IPHONEOS_DEPLOYMENT_TARGET = 17.4;
				MARKETING_VERSION = 1.0;
				PRODUCT_BUNDLE_IDENTIFIER = com.volodymyroniuk.VectorEditoriOSTests;
				PRODUCT_NAME = "$(TARGET_NAME)";
				SDKROOT = iphoneos;
				SWIFT_EMIT_LOC_STRINGS = NO;
				SWIFT_VERSION = 5.0;
				TARGETED_DEVICE_FAMILY = "1,2";
				VALIDATE_PRODUCT = YES;
			};
			name = Release;
		};
		2EA484A42B97305F0080C233 /* Debug */ = {
			isa = XCBuildConfiguration;
			buildSettings = {
				ALWAYS_SEARCH_USER_PATHS = NO;
				ASSETCATALOG_COMPILER_GENERATE_SWIFT_ASSET_SYMBOL_EXTENSIONS = YES;
				CLANG_ANALYZER_NONNULL = YES;
				CLANG_ANALYZER_NUMBER_OBJECT_CONVERSION = YES_AGGRESSIVE;
				CLANG_CXX_LANGUAGE_STANDARD = "gnu++20";
				CLANG_ENABLE_MODULES = YES;
				CLANG_ENABLE_OBJC_ARC = YES;
				CLANG_ENABLE_OBJC_WEAK = YES;
				CLANG_WARN_BLOCK_CAPTURE_AUTORELEASING = YES;
				CLANG_WARN_BOOL_CONVERSION = YES;
				CLANG_WARN_COMMA = YES;
				CLANG_WARN_CONSTANT_CONVERSION = YES;
				CLANG_WARN_DEPRECATED_OBJC_IMPLEMENTATIONS = YES;
				CLANG_WARN_DIRECT_OBJC_ISA_USAGE = YES_ERROR;
				CLANG_WARN_DOCUMENTATION_COMMENTS = YES;
				CLANG_WARN_EMPTY_BODY = YES;
				CLANG_WARN_ENUM_CONVERSION = YES;
				CLANG_WARN_INFINITE_RECURSION = YES;
				CLANG_WARN_INT_CONVERSION = YES;
				CLANG_WARN_NON_LITERAL_NULL_CONVERSION = YES;
				CLANG_WARN_OBJC_IMPLICIT_RETAIN_SELF = YES;
				CLANG_WARN_OBJC_LITERAL_CONVERSION = YES;
				CLANG_WARN_OBJC_ROOT_CLASS = YES_ERROR;
				CLANG_WARN_QUOTED_INCLUDE_IN_FRAMEWORK_HEADER = YES;
				CLANG_WARN_RANGE_LOOP_ANALYSIS = YES;
				CLANG_WARN_STRICT_PROTOTYPES = YES;
				CLANG_WARN_SUSPICIOUS_MOVE = YES;
				CLANG_WARN_UNGUARDED_AVAILABILITY = YES_AGGRESSIVE;
				CLANG_WARN_UNREACHABLE_CODE = YES;
				CLANG_WARN__DUPLICATE_METHOD_MATCH = YES;
				COPY_PHASE_STRIP = NO;
				CURRENT_PROJECT_VERSION = 1;
				DEBUG_INFORMATION_FORMAT = dwarf;
				ENABLE_STRICT_OBJC_MSGSEND = YES;
				ENABLE_TESTABILITY = YES;
				ENABLE_USER_SCRIPT_SANDBOXING = YES;
				GCC_C_LANGUAGE_STANDARD = gnu17;
				GCC_DYNAMIC_NO_PIC = NO;
				GCC_NO_COMMON_BLOCKS = YES;
				GCC_OPTIMIZATION_LEVEL = 0;
				GCC_PREPROCESSOR_DEFINITIONS = (
					"DEBUG=1",
					"$(inherited)",
				);
				GCC_WARN_64_TO_32_BIT_CONVERSION = YES;
				GCC_WARN_ABOUT_RETURN_TYPE = YES_ERROR;
				GCC_WARN_UNDECLARED_SELECTOR = YES;
				GCC_WARN_UNINITIALIZED_AUTOS = YES_AGGRESSIVE;
				GCC_WARN_UNUSED_FUNCTION = YES;
				GCC_WARN_UNUSED_VARIABLE = YES;
				LOCALIZATION_PREFERS_STRING_CATALOGS = YES;
				MACOSX_DEPLOYMENT_TARGET = 14.2;
				MTL_ENABLE_DEBUG_INFO = INCLUDE_SOURCE;
				MTL_FAST_MATH = YES;
				ONLY_ACTIVE_ARCH = YES;
				SDKROOT = macosx;
				SWIFT_ACTIVE_COMPILATION_CONDITIONS = "DEBUG $(inherited)";
				SWIFT_OPTIMIZATION_LEVEL = "-Onone";
				VERSIONING_SYSTEM = "apple-generic";
				VERSION_INFO_PREFIX = "";
			};
			name = Debug;
		};
		2EA484A52B97305F0080C233 /* Release */ = {
			isa = XCBuildConfiguration;
			buildSettings = {
				ALWAYS_SEARCH_USER_PATHS = NO;
				ASSETCATALOG_COMPILER_GENERATE_SWIFT_ASSET_SYMBOL_EXTENSIONS = YES;
				CLANG_ANALYZER_NONNULL = YES;
				CLANG_ANALYZER_NUMBER_OBJECT_CONVERSION = YES_AGGRESSIVE;
				CLANG_CXX_LANGUAGE_STANDARD = "gnu++20";
				CLANG_ENABLE_MODULES = YES;
				CLANG_ENABLE_OBJC_ARC = YES;
				CLANG_ENABLE_OBJC_WEAK = YES;
				CLANG_WARN_BLOCK_CAPTURE_AUTORELEASING = YES;
				CLANG_WARN_BOOL_CONVERSION = YES;
				CLANG_WARN_COMMA = YES;
				CLANG_WARN_CONSTANT_CONVERSION = YES;
				CLANG_WARN_DEPRECATED_OBJC_IMPLEMENTATIONS = YES;
				CLANG_WARN_DIRECT_OBJC_ISA_USAGE = YES_ERROR;
				CLANG_WARN_DOCUMENTATION_COMMENTS = YES;
				CLANG_WARN_EMPTY_BODY = YES;
				CLANG_WARN_ENUM_CONVERSION = YES;
				CLANG_WARN_INFINITE_RECURSION = YES;
				CLANG_WARN_INT_CONVERSION = YES;
				CLANG_WARN_NON_LITERAL_NULL_CONVERSION = YES;
				CLANG_WARN_OBJC_IMPLICIT_RETAIN_SELF = YES;
				CLANG_WARN_OBJC_LITERAL_CONVERSION = YES;
				CLANG_WARN_OBJC_ROOT_CLASS = YES_ERROR;
				CLANG_WARN_QUOTED_INCLUDE_IN_FRAMEWORK_HEADER = YES;
				CLANG_WARN_RANGE_LOOP_ANALYSIS = YES;
				CLANG_WARN_STRICT_PROTOTYPES = YES;
				CLANG_WARN_SUSPICIOUS_MOVE = YES;
				CLANG_WARN_UNGUARDED_AVAILABILITY = YES_AGGRESSIVE;
				CLANG_WARN_UNREACHABLE_CODE = YES;
				CLANG_WARN__DUPLICATE_METHOD_MATCH = YES;
				COPY_PHASE_STRIP = NO;
				CURRENT_PROJECT_VERSION = 1;
				DEBUG_INFORMATION_FORMAT = "dwarf-with-dsym";
				ENABLE_NS_ASSERTIONS = NO;
				ENABLE_STRICT_OBJC_MSGSEND = YES;
				ENABLE_USER_SCRIPT_SANDBOXING = YES;
				GCC_C_LANGUAGE_STANDARD = gnu17;
				GCC_NO_COMMON_BLOCKS = YES;
				GCC_WARN_64_TO_32_BIT_CONVERSION = YES;
				GCC_WARN_ABOUT_RETURN_TYPE = YES_ERROR;
				GCC_WARN_UNDECLARED_SELECTOR = YES;
				GCC_WARN_UNINITIALIZED_AUTOS = YES_AGGRESSIVE;
				GCC_WARN_UNUSED_FUNCTION = YES;
				GCC_WARN_UNUSED_VARIABLE = YES;
				LOCALIZATION_PREFERS_STRING_CATALOGS = YES;
				MACOSX_DEPLOYMENT_TARGET = 14.2;
				MTL_ENABLE_DEBUG_INFO = NO;
				MTL_FAST_MATH = YES;
				SDKROOT = macosx;
				SWIFT_COMPILATION_MODE = wholemodule;
				VERSIONING_SYSTEM = "apple-generic";
				VERSION_INFO_PREFIX = "";
			};
			name = Release;
		};
		2EA484A72B97305F0080C233 /* Debug */ = {
			isa = XCBuildConfiguration;
			buildSettings = {
				CLANG_ENABLE_MODULES = YES;
				CODE_SIGN_STYLE = Automatic;
				COMBINE_HIDPI_IMAGES = YES;
				CURRENT_PROJECT_VERSION = 1;
				DEFINES_MODULE = YES;
				DEVELOPMENT_TEAM = 8U849676MP;
				DYLIB_COMPATIBILITY_VERSION = 1;
				DYLIB_CURRENT_VERSION = 1;
				DYLIB_INSTALL_NAME_BASE = "@rpath";
				ENABLE_MODULE_VERIFIER = YES;
				GENERATE_INFOPLIST_FILE = YES;
				INFOPLIST_KEY_NSHumanReadableCopyright = "";
				INSTALL_PATH = "$(LOCAL_LIBRARY_DIR)/Frameworks";
				LD_RUNPATH_SEARCH_PATHS = (
					"$(inherited)",
					"@executable_path/../Frameworks",
					"@loader_path/Frameworks",
				);
				MARKETING_VERSION = 1.0;
				MODULE_VERIFIER_SUPPORTED_LANGUAGES = "objective-c objective-c++";
				MODULE_VERIFIER_SUPPORTED_LANGUAGE_STANDARDS = "gnu17 gnu++20";
				PRODUCT_BUNDLE_IDENTIFIER = com.volodymyroniuk.VectorEditor;
				PRODUCT_NAME = "$(TARGET_NAME:c99extidentifier)";
				SKIP_INSTALL = YES;
				SWIFT_EMIT_LOC_STRINGS = YES;
				SWIFT_OPTIMIZATION_LEVEL = "-Onone";
				SWIFT_VERSION = 5.0;
			};
			name = Debug;
		};
		2EA484A82B97305F0080C233 /* Release */ = {
			isa = XCBuildConfiguration;
			buildSettings = {
				CLANG_ENABLE_MODULES = YES;
				CODE_SIGN_STYLE = Automatic;
				COMBINE_HIDPI_IMAGES = YES;
				CURRENT_PROJECT_VERSION = 1;
				DEFINES_MODULE = YES;
				DEVELOPMENT_TEAM = 8U849676MP;
				DYLIB_COMPATIBILITY_VERSION = 1;
				DYLIB_CURRENT_VERSION = 1;
				DYLIB_INSTALL_NAME_BASE = "@rpath";
				ENABLE_MODULE_VERIFIER = YES;
				GENERATE_INFOPLIST_FILE = YES;
				INFOPLIST_KEY_NSHumanReadableCopyright = "";
				INSTALL_PATH = "$(LOCAL_LIBRARY_DIR)/Frameworks";
				LD_RUNPATH_SEARCH_PATHS = (
					"$(inherited)",
					"@executable_path/../Frameworks",
					"@loader_path/Frameworks",
				);
				MARKETING_VERSION = 1.0;
				MODULE_VERIFIER_SUPPORTED_LANGUAGES = "objective-c objective-c++";
				MODULE_VERIFIER_SUPPORTED_LANGUAGE_STANDARDS = "gnu17 gnu++20";
				PRODUCT_BUNDLE_IDENTIFIER = com.volodymyroniuk.VectorEditor;
				PRODUCT_NAME = "$(TARGET_NAME:c99extidentifier)";
				SKIP_INSTALL = YES;
				SWIFT_EMIT_LOC_STRINGS = YES;
				SWIFT_VERSION = 5.0;
			};
			name = Release;
		};
		2EA484AA2B97305F0080C233 /* Debug */ = {
			isa = XCBuildConfiguration;
			buildSettings = {
				ALWAYS_EMBED_SWIFT_STANDARD_LIBRARIES = YES;
				CODE_SIGN_STYLE = Automatic;
				CURRENT_PROJECT_VERSION = 1;
				DEVELOPMENT_TEAM = 8U849676MP;
				GENERATE_INFOPLIST_FILE = YES;
				MARKETING_VERSION = 1.0;
				PRODUCT_BUNDLE_IDENTIFIER = com.volodymyroniuk.VectorEditorTests;
				PRODUCT_NAME = "$(TARGET_NAME)";
				SWIFT_EMIT_LOC_STRINGS = NO;
				SWIFT_VERSION = 5.0;
			};
			name = Debug;
		};
		2EA484AB2B97305F0080C233 /* Release */ = {
			isa = XCBuildConfiguration;
			buildSettings = {
				ALWAYS_EMBED_SWIFT_STANDARD_LIBRARIES = YES;
				CODE_SIGN_STYLE = Automatic;
				CURRENT_PROJECT_VERSION = 1;
				DEVELOPMENT_TEAM = 8U849676MP;
				GENERATE_INFOPLIST_FILE = YES;
				MARKETING_VERSION = 1.0;
				PRODUCT_BUNDLE_IDENTIFIER = com.volodymyroniuk.VectorEditorTests;
				PRODUCT_NAME = "$(TARGET_NAME)";
				SWIFT_EMIT_LOC_STRINGS = NO;
				SWIFT_VERSION = 5.0;
			};
			name = Release;
		};
/* End XCBuildConfiguration section */

/* Begin XCConfigurationList section */
		2E7A826C2B99D4A600CCB043 /* Build configuration list for PBXNativeTarget "VectorEditoriOS" */ = {
			isa = XCConfigurationList;
			buildConfigurations = (
				2E7A826D2B99D4A600CCB043 /* Debug */,
				2E7A826E2B99D4A600CCB043 /* Release */,
			);
			defaultConfigurationIsVisible = 0;
			defaultConfigurationName = Release;
		};
		2E7A826F2B99D4A600CCB043 /* Build configuration list for PBXNativeTarget "VectorEditoriOSTests" */ = {
			isa = XCConfigurationList;
			buildConfigurations = (
				2E7A82702B99D4A600CCB043 /* Debug */,
				2E7A82712B99D4A600CCB043 /* Release */,
			);
			defaultConfigurationIsVisible = 0;
			defaultConfigurationName = Release;
		};
		2EA4848E2B97305E0080C233 /* Build configuration list for PBXProject "VectorEditor" */ = {
			isa = XCConfigurationList;
			buildConfigurations = (
				2EA484A42B97305F0080C233 /* Debug */,
				2EA484A52B97305F0080C233 /* Release */,
			);
			defaultConfigurationIsVisible = 0;
			defaultConfigurationName = Release;
		};
		2EA484A62B97305F0080C233 /* Build configuration list for PBXNativeTarget "VectorEditor" */ = {
			isa = XCConfigurationList;
			buildConfigurations = (
				2EA484A72B97305F0080C233 /* Debug */,
				2EA484A82B97305F0080C233 /* Release */,
			);
			defaultConfigurationIsVisible = 0;
			defaultConfigurationName = Release;
		};
		2EA484A92B97305F0080C233 /* Build configuration list for PBXNativeTarget "VectorEditorTests" */ = {
			isa = XCConfigurationList;
			buildConfigurations = (
				2EA484AA2B97305F0080C233 /* Debug */,
				2EA484AB2B97305F0080C233 /* Release */,
			);
			defaultConfigurationIsVisible = 0;
			defaultConfigurationName = Release;
		};
/* End XCConfigurationList section */
	};
	rootObject = 2EA4848B2B97305E0080C233 /* Project object */;
}
