// !$*UTF8*$!
{
	archiveVersion = 1;
	classes = {
	};
	objectVersion = 56;
	objects = {

/* Begin PBXBuildFile section */
		2EB350252B848B7E00C07EB5 /* AppDelegate.swift in Sources */ = {isa = PBXBuildFile; fileRef = 2EB350242B848B7E00C07EB5 /* AppDelegate.swift */; };
		2EB350272B848B7E00C07EB5 /* SceneDelegate.swift in Sources */ = {isa = PBXBuildFile; fileRef = 2EB350262B848B7E00C07EB5 /* SceneDelegate.swift */; };
		2EB350292B848B7E00C07EB5 /* ViewController.swift in Sources */ = {isa = PBXBuildFile; fileRef = 2EB350282B848B7E00C07EB5 /* ViewController.swift */; };
		2EB3502C2B848B7F00C07EB5 /* Main.storyboard in Resources */ = {isa = PBXBuildFile; fileRef = 2EB3502A2B848B7F00C07EB5 /* Main.storyboard */; };
		2EB3502E2B848B8000C07EB5 /* Assets.xcassets in Resources */ = {isa = PBXBuildFile; fileRef = 2EB3502D2B848B8000C07EB5 /* Assets.xcassets */; };
		2EB350312B848B8000C07EB5 /* LaunchScreen.storyboard in Resources */ = {isa = PBXBuildFile; fileRef = 2EB3502F2B848B8000C07EB5 /* LaunchScreen.storyboard */; };
		2EB350392B84921200C07EB5 /* ToolbarContract.swift in Sources */ = {isa = PBXBuildFile; fileRef = 2EB350382B84921200C07EB5 /* ToolbarContract.swift */; };
		2EB3503F2B8492B200C07EB5 /* ToolbarViewController.swift in Sources */ = {isa = PBXBuildFile; fileRef = 2EB3503D2B8492B200C07EB5 /* ToolbarViewController.swift */; };
		2EB350422B8492E800C07EB5 /* ToolbarView.xib in Resources */ = {isa = PBXBuildFile; fileRef = 2EB350412B8492E800C07EB5 /* ToolbarView.xib */; };
		2EB350442B8495C600C07EB5 /* SidebarContract.swift in Sources */ = {isa = PBXBuildFile; fileRef = 2EB350432B8495C600C07EB5 /* SidebarContract.swift */; };
		2EB350462B8495EF00C07EB5 /* SidebarViewController.swift in Sources */ = {isa = PBXBuildFile; fileRef = 2EB350452B8495EF00C07EB5 /* SidebarViewController.swift */; };
		2EB350482B84960800C07EB5 /* SidebarView.xib in Resources */ = {isa = PBXBuildFile; fileRef = 2EB350472B84960800C07EB5 /* SidebarView.xib */; };
		2EB3504B2B8496B900C07EB5 /* SceneContract.swift in Sources */ = {isa = PBXBuildFile; fileRef = 2EB3504A2B8496B900C07EB5 /* SceneContract.swift */; };
		2EB3504D2B8496CD00C07EB5 /* SceneViewController.swift in Sources */ = {isa = PBXBuildFile; fileRef = 2EB3504C2B8496CD00C07EB5 /* SceneViewController.swift */; };
		2EB3504F2B8496E500C07EB5 /* SceneView.xib in Resources */ = {isa = PBXBuildFile; fileRef = 2EB3504E2B8496E500C07EB5 /* SceneView.xib */; };
		2EB350522B8498FD00C07EB5 /* ToolbarRouter.swift in Sources */ = {isa = PBXBuildFile; fileRef = 2EB350512B8498FD00C07EB5 /* ToolbarRouter.swift */; };
		2EB350542B849C3400C07EB5 /* SidebarRouter.swift in Sources */ = {isa = PBXBuildFile; fileRef = 2EB350532B849C3400C07EB5 /* SidebarRouter.swift */; };
		2EB350562B849CCB00C07EB5 /* SceneRouter.swift in Sources */ = {isa = PBXBuildFile; fileRef = 2EB350552B849CCB00C07EB5 /* SceneRouter.swift */; };
/* End PBXBuildFile section */

/* Begin PBXFileReference section */
		2EB350212B848B7E00C07EB5 /* VectorEditor.app */ = {isa = PBXFileReference; explicitFileType = wrapper.application; includeInIndex = 0; path = VectorEditor.app; sourceTree = BUILT_PRODUCTS_DIR; };
		2EB350242B848B7E00C07EB5 /* AppDelegate.swift */ = {isa = PBXFileReference; lastKnownFileType = sourcecode.swift; path = AppDelegate.swift; sourceTree = "<group>"; };
		2EB350262B848B7E00C07EB5 /* SceneDelegate.swift */ = {isa = PBXFileReference; lastKnownFileType = sourcecode.swift; path = SceneDelegate.swift; sourceTree = "<group>"; };
		2EB350282B848B7E00C07EB5 /* ViewController.swift */ = {isa = PBXFileReference; lastKnownFileType = sourcecode.swift; path = ViewController.swift; sourceTree = "<group>"; };
		2EB3502B2B848B7F00C07EB5 /* Base */ = {isa = PBXFileReference; lastKnownFileType = file.storyboard; name = Base; path = Base.lproj/Main.storyboard; sourceTree = "<group>"; };
		2EB3502D2B848B8000C07EB5 /* Assets.xcassets */ = {isa = PBXFileReference; lastKnownFileType = folder.assetcatalog; path = Assets.xcassets; sourceTree = "<group>"; };
		2EB350302B848B8000C07EB5 /* Base */ = {isa = PBXFileReference; lastKnownFileType = file.storyboard; name = Base; path = Base.lproj/LaunchScreen.storyboard; sourceTree = "<group>"; };
		2EB350322B848B8000C07EB5 /* Info.plist */ = {isa = PBXFileReference; lastKnownFileType = text.plist.xml; path = Info.plist; sourceTree = "<group>"; };
		2EB350382B84921200C07EB5 /* ToolbarContract.swift */ = {isa = PBXFileReference; lastKnownFileType = sourcecode.swift; path = ToolbarContract.swift; sourceTree = "<group>"; };
		2EB3503D2B8492B200C07EB5 /* ToolbarViewController.swift */ = {isa = PBXFileReference; lastKnownFileType = sourcecode.swift; path = ToolbarViewController.swift; sourceTree = "<group>"; };
		2EB350412B8492E800C07EB5 /* ToolbarView.xib */ = {isa = PBXFileReference; lastKnownFileType = file.xib; path = ToolbarView.xib; sourceTree = "<group>"; };
		2EB350432B8495C600C07EB5 /* SidebarContract.swift */ = {isa = PBXFileReference; lastKnownFileType = sourcecode.swift; path = SidebarContract.swift; sourceTree = "<group>"; };
		2EB350452B8495EF00C07EB5 /* SidebarViewController.swift */ = {isa = PBXFileReference; lastKnownFileType = sourcecode.swift; path = SidebarViewController.swift; sourceTree = "<group>"; };
		2EB350472B84960800C07EB5 /* SidebarView.xib */ = {isa = PBXFileReference; lastKnownFileType = file.xib; path = SidebarView.xib; sourceTree = "<group>"; };
		2EB3504A2B8496B900C07EB5 /* SceneContract.swift */ = {isa = PBXFileReference; lastKnownFileType = sourcecode.swift; path = SceneContract.swift; sourceTree = "<group>"; };
		2EB3504C2B8496CD00C07EB5 /* SceneViewController.swift */ = {isa = PBXFileReference; lastKnownFileType = sourcecode.swift; path = SceneViewController.swift; sourceTree = "<group>"; };
		2EB3504E2B8496E500C07EB5 /* SceneView.xib */ = {isa = PBXFileReference; lastKnownFileType = file.xib; path = SceneView.xib; sourceTree = "<group>"; };
		2EB350512B8498FD00C07EB5 /* ToolbarRouter.swift */ = {isa = PBXFileReference; lastKnownFileType = sourcecode.swift; path = ToolbarRouter.swift; sourceTree = "<group>"; };
		2EB350532B849C3400C07EB5 /* SidebarRouter.swift */ = {isa = PBXFileReference; lastKnownFileType = sourcecode.swift; path = SidebarRouter.swift; sourceTree = "<group>"; };
		2EB350552B849CCB00C07EB5 /* SceneRouter.swift */ = {isa = PBXFileReference; lastKnownFileType = sourcecode.swift; path = SceneRouter.swift; sourceTree = "<group>"; };
/* End PBXFileReference section */

/* Begin PBXFrameworksBuildPhase section */
		2EB3501E2B848B7E00C07EB5 /* Frameworks */ = {
			isa = PBXFrameworksBuildPhase;
			buildActionMask = 2147483647;
			files = (
			);
			runOnlyForDeploymentPostprocessing = 0;
		};
/* End PBXFrameworksBuildPhase section */

/* Begin PBXGroup section */
		2EB350182B848B7E00C07EB5 = {
			isa = PBXGroup;
			children = (
				2EB350232B848B7E00C07EB5 /* VectorEditor */,
				2EB350222B848B7E00C07EB5 /* Products */,
			);
			sourceTree = "<group>";
		};
		2EB350222B848B7E00C07EB5 /* Products */ = {
			isa = PBXGroup;
			children = (
				2EB350212B848B7E00C07EB5 /* VectorEditor.app */,
			);
			name = Products;
			sourceTree = "<group>";
		};
		2EB350232B848B7E00C07EB5 /* VectorEditor */ = {
			isa = PBXGroup;
			children = (
				2EB350242B848B7E00C07EB5 /* AppDelegate.swift */,
				2EB350262B848B7E00C07EB5 /* SceneDelegate.swift */,
				2EB350282B848B7E00C07EB5 /* ViewController.swift */,
				2EB3502A2B848B7F00C07EB5 /* Main.storyboard */,
				2EB3502D2B848B8000C07EB5 /* Assets.xcassets */,
				2EB3502F2B848B8000C07EB5 /* LaunchScreen.storyboard */,
				2EB350322B848B8000C07EB5 /* Info.plist */,
				2EB3503C2B84927A00C07EB5 /* Toolbar */,
				2EB350492B8496A100C07EB5 /* Sidebar */,
				2EB350502B84971A00C07EB5 /* Scene */,
			);
			path = VectorEditor;
			sourceTree = "<group>";
		};
		2EB3503C2B84927A00C07EB5 /* Toolbar */ = {
			isa = PBXGroup;
			children = (
				2EB350382B84921200C07EB5 /* ToolbarContract.swift */,
				2EB3503D2B8492B200C07EB5 /* ToolbarViewController.swift */,
				2EB350412B8492E800C07EB5 /* ToolbarView.xib */,
				2EB350512B8498FD00C07EB5 /* ToolbarRouter.swift */,
			);
			path = Toolbar;
			sourceTree = "<group>";
		};
		2EB350492B8496A100C07EB5 /* Sidebar */ = {
			isa = PBXGroup;
			children = (
				2EB350432B8495C600C07EB5 /* SidebarContract.swift */,
				2EB350452B8495EF00C07EB5 /* SidebarViewController.swift */,
				2EB350472B84960800C07EB5 /* SidebarView.xib */,
				2EB350532B849C3400C07EB5 /* SidebarRouter.swift */,
			);
			path = Sidebar;
			sourceTree = "<group>";
		};
		2EB350502B84971A00C07EB5 /* Scene */ = {
			isa = PBXGroup;
			children = (
				2EB3504A2B8496B900C07EB5 /* SceneContract.swift */,
				2EB3504C2B8496CD00C07EB5 /* SceneViewController.swift */,
				2EB3504E2B8496E500C07EB5 /* SceneView.xib */,
				2EB350552B849CCB00C07EB5 /* SceneRouter.swift */,
			);
			path = Scene;
			sourceTree = "<group>";
		};
/* End PBXGroup section */

/* Begin PBXNativeTarget section */
		2EB350202B848B7E00C07EB5 /* VectorEditor */ = {
			isa = PBXNativeTarget;
			buildConfigurationList = 2EB350352B848B8000C07EB5 /* Build configuration list for PBXNativeTarget "VectorEditor" */;
			buildPhases = (
				2EB3501D2B848B7E00C07EB5 /* Sources */,
				2EB3501E2B848B7E00C07EB5 /* Frameworks */,
				2EB3501F2B848B7E00C07EB5 /* Resources */,
			);
			buildRules = (
			);
			dependencies = (
			);
			name = VectorEditor;
			productName = VectorEditor;
			productReference = 2EB350212B848B7E00C07EB5 /* VectorEditor.app */;
			productType = "com.apple.product-type.application";
		};
/* End PBXNativeTarget section */

/* Begin PBXProject section */
		2EB350192B848B7E00C07EB5 /* Project object */ = {
			isa = PBXProject;
			attributes = {
				BuildIndependentTargetsInParallel = 1;
				LastSwiftUpdateCheck = 1520;
				LastUpgradeCheck = 1520;
				TargetAttributes = {
					2EB350202B848B7E00C07EB5 = {
						CreatedOnToolsVersion = 15.2;
					};
				};
			};
			buildConfigurationList = 2EB3501C2B848B7E00C07EB5 /* Build configuration list for PBXProject "VectorEditor" */;
			compatibilityVersion = "Xcode 14.0";
			developmentRegion = en;
			hasScannedForEncodings = 0;
			knownRegions = (
				en,
				Base,
			);
			mainGroup = 2EB350182B848B7E00C07EB5;
			productRefGroup = 2EB350222B848B7E00C07EB5 /* Products */;
			projectDirPath = "";
			projectRoot = "";
			targets = (
				2EB350202B848B7E00C07EB5 /* VectorEditor */,
			);
		};
/* End PBXProject section */

/* Begin PBXResourcesBuildPhase section */
		2EB3501F2B848B7E00C07EB5 /* Resources */ = {
			isa = PBXResourcesBuildPhase;
			buildActionMask = 2147483647;
			files = (
				2EB350312B848B8000C07EB5 /* LaunchScreen.storyboard in Resources */,
				2EB3504F2B8496E500C07EB5 /* SceneView.xib in Resources */,
				2EB350482B84960800C07EB5 /* SidebarView.xib in Resources */,
				2EB3502E2B848B8000C07EB5 /* Assets.xcassets in Resources */,
				2EB350422B8492E800C07EB5 /* ToolbarView.xib in Resources */,
				2EB3502C2B848B7F00C07EB5 /* Main.storyboard in Resources */,
			);
			runOnlyForDeploymentPostprocessing = 0;
		};
/* End PBXResourcesBuildPhase section */

/* Begin PBXSourcesBuildPhase section */
		2EB3501D2B848B7E00C07EB5 /* Sources */ = {
			isa = PBXSourcesBuildPhase;
			buildActionMask = 2147483647;
			files = (
				2EB3504D2B8496CD00C07EB5 /* SceneViewController.swift in Sources */,
				2EB350292B848B7E00C07EB5 /* ViewController.swift in Sources */,
				2EB350392B84921200C07EB5 /* ToolbarContract.swift in Sources */,
				2EB3504B2B8496B900C07EB5 /* SceneContract.swift in Sources */,
				2EB350442B8495C600C07EB5 /* SidebarContract.swift in Sources */,
				2EB350252B848B7E00C07EB5 /* AppDelegate.swift in Sources */,
				2EB3503F2B8492B200C07EB5 /* ToolbarViewController.swift in Sources */,
				2EB350562B849CCB00C07EB5 /* SceneRouter.swift in Sources */,
				2EB350542B849C3400C07EB5 /* SidebarRouter.swift in Sources */,
				2EB350272B848B7E00C07EB5 /* SceneDelegate.swift in Sources */,
				2EB350522B8498FD00C07EB5 /* ToolbarRouter.swift in Sources */,
				2EB350462B8495EF00C07EB5 /* SidebarViewController.swift in Sources */,
			);
			runOnlyForDeploymentPostprocessing = 0;
		};
/* End PBXSourcesBuildPhase section */

/* Begin PBXVariantGroup section */
		2EB3502A2B848B7F00C07EB5 /* Main.storyboard */ = {
			isa = PBXVariantGroup;
			children = (
				2EB3502B2B848B7F00C07EB5 /* Base */,
			);
			name = Main.storyboard;
			sourceTree = "<group>";
		};
		2EB3502F2B848B8000C07EB5 /* LaunchScreen.storyboard */ = {
			isa = PBXVariantGroup;
			children = (
				2EB350302B848B8000C07EB5 /* Base */,
			);
			name = LaunchScreen.storyboard;
			sourceTree = "<group>";
		};
/* End PBXVariantGroup section */

/* Begin XCBuildConfiguration section */
		2EB350332B848B8000C07EB5 /* Debug */ = {
			isa = XCBuildConfiguration;
			buildSettings = {
				ALWAYS_SEARCH_USER_PATHS = NO;
				ASSETCATALOG_COMPILER_GENERATE_SWIFT_ASSET_SYMBOL_EXTENSIONS = YES;
				CLANG_ANALYZER_NONNULL = YES;
				CLANG_ANALYZER_NUMBER_OBJECT_CONVERSION = YES_AGGRESSIVE;
				CLANG_CXX_LANGUAGE_STANDARD = "gnu++20";
				CLANG_ENABLE_MODULES = YES;
				CLANG_ENABLE_OBJC_ARC = YES;
				CLANG_ENABLE_OBJC_WEAK = YES;
				CLANG_WARN_BLOCK_CAPTURE_AUTORELEASING = YES;
				CLANG_WARN_BOOL_CONVERSION = YES;
				CLANG_WARN_COMMA = YES;
				CLANG_WARN_CONSTANT_CONVERSION = YES;
				CLANG_WARN_DEPRECATED_OBJC_IMPLEMENTATIONS = YES;
				CLANG_WARN_DIRECT_OBJC_ISA_USAGE = YES_ERROR;
				CLANG_WARN_DOCUMENTATION_COMMENTS = YES;
				CLANG_WARN_EMPTY_BODY = YES;
				CLANG_WARN_ENUM_CONVERSION = YES;
				CLANG_WARN_INFINITE_RECURSION = YES;
				CLANG_WARN_INT_CONVERSION = YES;
				CLANG_WARN_NON_LITERAL_NULL_CONVERSION = YES;
				CLANG_WARN_OBJC_IMPLICIT_RETAIN_SELF = YES;
				CLANG_WARN_OBJC_LITERAL_CONVERSION = YES;
				CLANG_WARN_OBJC_ROOT_CLASS = YES_ERROR;
				CLANG_WARN_QUOTED_INCLUDE_IN_FRAMEWORK_HEADER = YES;
				CLANG_WARN_RANGE_LOOP_ANALYSIS = YES;
				CLANG_WARN_STRICT_PROTOTYPES = YES;
				CLANG_WARN_SUSPICIOUS_MOVE = YES;
				CLANG_WARN_UNGUARDED_AVAILABILITY = YES_AGGRESSIVE;
				CLANG_WARN_UNREACHABLE_CODE = YES;
				CLANG_WARN__DUPLICATE_METHOD_MATCH = YES;
				COPY_PHASE_STRIP = NO;
				DEBUG_INFORMATION_FORMAT = dwarf;
				ENABLE_STRICT_OBJC_MSGSEND = YES;
				ENABLE_TESTABILITY = YES;
				ENABLE_USER_SCRIPT_SANDBOXING = YES;
				GCC_C_LANGUAGE_STANDARD = gnu17;
				GCC_DYNAMIC_NO_PIC = NO;
				GCC_NO_COMMON_BLOCKS = YES;
				GCC_OPTIMIZATION_LEVEL = 0;
				GCC_PREPROCESSOR_DEFINITIONS = (
					"DEBUG=1",
					"$(inherited)",
				);
				GCC_WARN_64_TO_32_BIT_CONVERSION = YES;
				GCC_WARN_ABOUT_RETURN_TYPE = YES_ERROR;
				GCC_WARN_UNDECLARED_SELECTOR = YES;
				GCC_WARN_UNINITIALIZED_AUTOS = YES_AGGRESSIVE;
				GCC_WARN_UNUSED_FUNCTION = YES;
				GCC_WARN_UNUSED_VARIABLE = YES;
				IPHONEOS_DEPLOYMENT_TARGET = 17.2;
				LOCALIZATION_PREFERS_STRING_CATALOGS = YES;
				MTL_ENABLE_DEBUG_INFO = INCLUDE_SOURCE;
				MTL_FAST_MATH = YES;
				ONLY_ACTIVE_ARCH = YES;
				SDKROOT = iphoneos;
				SWIFT_ACTIVE_COMPILATION_CONDITIONS = "DEBUG $(inherited)";
				SWIFT_OPTIMIZATION_LEVEL = "-Onone";
			};
			name = Debug;
		};
		2EB350342B848B8000C07EB5 /* Release */ = {
			isa = XCBuildConfiguration;
			buildSettings = {
				ALWAYS_SEARCH_USER_PATHS = NO;
				ASSETCATALOG_COMPILER_GENERATE_SWIFT_ASSET_SYMBOL_EXTENSIONS = YES;
				CLANG_ANALYZER_NONNULL = YES;
				CLANG_ANALYZER_NUMBER_OBJECT_CONVERSION = YES_AGGRESSIVE;
				CLANG_CXX_LANGUAGE_STANDARD = "gnu++20";
				CLANG_ENABLE_MODULES = YES;
				CLANG_ENABLE_OBJC_ARC = YES;
				CLANG_ENABLE_OBJC_WEAK = YES;
				CLANG_WARN_BLOCK_CAPTURE_AUTORELEASING = YES;
				CLANG_WARN_BOOL_CONVERSION = YES;
				CLANG_WARN_COMMA = YES;
				CLANG_WARN_CONSTANT_CONVERSION = YES;
				CLANG_WARN_DEPRECATED_OBJC_IMPLEMENTATIONS = YES;
				CLANG_WARN_DIRECT_OBJC_ISA_USAGE = YES_ERROR;
				CLANG_WARN_DOCUMENTATION_COMMENTS = YES;
				CLANG_WARN_EMPTY_BODY = YES;
				CLANG_WARN_ENUM_CONVERSION = YES;
				CLANG_WARN_INFINITE_RECURSION = YES;
				CLANG_WARN_INT_CONVERSION = YES;
				CLANG_WARN_NON_LITERAL_NULL_CONVERSION = YES;
				CLANG_WARN_OBJC_IMPLICIT_RETAIN_SELF = YES;
				CLANG_WARN_OBJC_LITERAL_CONVERSION = YES;
				CLANG_WARN_OBJC_ROOT_CLASS = YES_ERROR;
				CLANG_WARN_QUOTED_INCLUDE_IN_FRAMEWORK_HEADER = YES;
				CLANG_WARN_RANGE_LOOP_ANALYSIS = YES;
				CLANG_WARN_STRICT_PROTOTYPES = YES;
				CLANG_WARN_SUSPICIOUS_MOVE = YES;
				CLANG_WARN_UNGUARDED_AVAILABILITY = YES_AGGRESSIVE;
				CLANG_WARN_UNREACHABLE_CODE = YES;
				CLANG_WARN__DUPLICATE_METHOD_MATCH = YES;
				COPY_PHASE_STRIP = NO;
				DEBUG_INFORMATION_FORMAT = "dwarf-with-dsym";
				ENABLE_NS_ASSERTIONS = NO;
				ENABLE_STRICT_OBJC_MSGSEND = YES;
				ENABLE_USER_SCRIPT_SANDBOXING = YES;
				GCC_C_LANGUAGE_STANDARD = gnu17;
				GCC_NO_COMMON_BLOCKS = YES;
				GCC_WARN_64_TO_32_BIT_CONVERSION = YES;
				GCC_WARN_ABOUT_RETURN_TYPE = YES_ERROR;
				GCC_WARN_UNDECLARED_SELECTOR = YES;
				GCC_WARN_UNINITIALIZED_AUTOS = YES_AGGRESSIVE;
				GCC_WARN_UNUSED_FUNCTION = YES;
				GCC_WARN_UNUSED_VARIABLE = YES;
				IPHONEOS_DEPLOYMENT_TARGET = 17.2;
				LOCALIZATION_PREFERS_STRING_CATALOGS = YES;
				MTL_ENABLE_DEBUG_INFO = NO;
				MTL_FAST_MATH = YES;
				SDKROOT = iphoneos;
				SWIFT_COMPILATION_MODE = wholemodule;
				VALIDATE_PRODUCT = YES;
			};
			name = Release;
		};
		2EB350362B848B8000C07EB5 /* Debug */ = {
			isa = XCBuildConfiguration;
			buildSettings = {
				ASSETCATALOG_COMPILER_APPICON_NAME = AppIcon;
				ASSETCATALOG_COMPILER_GLOBAL_ACCENT_COLOR_NAME = AccentColor;
				CODE_SIGN_STYLE = Automatic;
				CURRENT_PROJECT_VERSION = 1;
				DEVELOPMENT_TEAM = PVR5XSZW3T;
				GENERATE_INFOPLIST_FILE = YES;
				INFOPLIST_FILE = VectorEditor/Info.plist;
				INFOPLIST_KEY_UIApplicationSupportsIndirectInputEvents = YES;
				INFOPLIST_KEY_UILaunchStoryboardName = LaunchScreen;
				INFOPLIST_KEY_UIMainStoryboardFile = Main;
				INFOPLIST_KEY_UISupportedInterfaceOrientations = "UIInterfaceOrientationLandscapeLeft UIInterfaceOrientationLandscapeRight UIInterfaceOrientationPortrait";
				INFOPLIST_KEY_UISupportedInterfaceOrientations_iPad = UIInterfaceOrientationLandscapeLeft;
				LD_RUNPATH_SEARCH_PATHS = (
					"$(inherited)",
					"@executable_path/Frameworks",
				);
				MARKETING_VERSION = 1.0;
				PRODUCT_BUNDLE_IDENTIFIER = com.volodymyroniuk.VectorEditor;
				PRODUCT_NAME = "$(TARGET_NAME)";
				SUPPORTED_PLATFORMS = "iphoneos iphonesimulator";
				SUPPORTS_MACCATALYST = NO;
				SUPPORTS_MAC_DESIGNED_FOR_IPHONE_IPAD = NO;
				SUPPORTS_XR_DESIGNED_FOR_IPHONE_IPAD = NO;
				SWIFT_EMIT_LOC_STRINGS = YES;
				SWIFT_VERSION = 5.0;
				TARGETED_DEVICE_FAMILY = 2;
			};
			name = Debug;
		};
		2EB350372B848B8000C07EB5 /* Release */ = {
			isa = XCBuildConfiguration;
			buildSettings = {
				ASSETCATALOG_COMPILER_APPICON_NAME = AppIcon;
				ASSETCATALOG_COMPILER_GLOBAL_ACCENT_COLOR_NAME = AccentColor;
				CODE_SIGN_STYLE = Automatic;
				CURRENT_PROJECT_VERSION = 1;
				DEVELOPMENT_TEAM = PVR5XSZW3T;
				GENERATE_INFOPLIST_FILE = YES;
				INFOPLIST_FILE = VectorEditor/Info.plist;
				INFOPLIST_KEY_UIApplicationSupportsIndirectInputEvents = YES;
				INFOPLIST_KEY_UILaunchStoryboardName = LaunchScreen;
				INFOPLIST_KEY_UIMainStoryboardFile = Main;
				INFOPLIST_KEY_UISupportedInterfaceOrientations = "UIInterfaceOrientationLandscapeLeft UIInterfaceOrientationLandscapeRight UIInterfaceOrientationPortrait";
				INFOPLIST_KEY_UISupportedInterfaceOrientations_iPad = UIInterfaceOrientationLandscapeLeft;
				LD_RUNPATH_SEARCH_PATHS = (
					"$(inherited)",
					"@executable_path/Frameworks",
				);
				MARKETING_VERSION = 1.0;
				PRODUCT_BUNDLE_IDENTIFIER = com.volodymyroniuk.VectorEditor;
				PRODUCT_NAME = "$(TARGET_NAME)";
				SUPPORTED_PLATFORMS = "iphoneos iphonesimulator";
				SUPPORTS_MACCATALYST = NO;
				SUPPORTS_MAC_DESIGNED_FOR_IPHONE_IPAD = NO;
				SUPPORTS_XR_DESIGNED_FOR_IPHONE_IPAD = NO;
				SWIFT_EMIT_LOC_STRINGS = YES;
				SWIFT_VERSION = 5.0;
				TARGETED_DEVICE_FAMILY = 2;
			};
			name = Release;
		};
/* End XCBuildConfiguration section */

/* Begin XCConfigurationList section */
		2EB3501C2B848B7E00C07EB5 /* Build configuration list for PBXProject "VectorEditor" */ = {
			isa = XCConfigurationList;
			buildConfigurations = (
				2EB350332B848B8000C07EB5 /* Debug */,
				2EB350342B848B8000C07EB5 /* Release */,
			);
			defaultConfigurationIsVisible = 0;
			defaultConfigurationName = Release;
		};
		2EB350352B848B8000C07EB5 /* Build configuration list for PBXNativeTarget "VectorEditor" */ = {
			isa = XCConfigurationList;
			buildConfigurations = (
				2EB350362B848B8000C07EB5 /* Debug */,
				2EB350372B848B8000C07EB5 /* Release */,
			);
			defaultConfigurationIsVisible = 0;
			defaultConfigurationName = Release;
		};
/* End XCConfigurationList section */
	};
	rootObject = 2EB350192B848B7E00C07EB5 /* Project object */;
}
